
Microsoft Visual Studio Solution File, Format Version 12.00
# Visual Studio 15
VisualStudioVersion = 15.0.27130.2036
MinimumVisualStudioVersion = 10.0.40219.1
Project("{FAE04EC0-301F-11D3-BF4B-00C04F79EFBC}") = "Methods", "Methods.csproj", "{2642DE21-32D4-4076-B6DE-EA0E011108E5}"
EndProject
Global
	GlobalSection(SolutionConfigurationPlatforms) = preSolution
		Debug|Any CPU = Debug|Any CPU
		Release|Any CPU = Release|Any CPU
	EndGlobalSection
	GlobalSection(ProjectConfigurationPlatforms) = postSolution
		{2642DE21-32D4-4076-B6DE-EA0E011108E5}.Debug|Any CPU.ActiveCfg = Debug|Any CPU
		{2642DE21-32D4-4076-B6DE-EA0E011108E5}.Debug|Any CPU.Build.0 = Debug|Any CPU
		{2642DE21-32D4-4076-B6DE-EA0E011108E5}.Release|Any CPU.ActiveCfg = Release|Any CPU
		{2642DE21-32D4-4076-B6DE-EA0E011108E5}.Release|Any CPU.Build.0 = Release|Any CPU
	EndGlobalSection
	GlobalSection(SolutionProperties) = preSolution
		HideSolutionNode = FALSE
	EndGlobalSection
	GlobalSection(ExtensibilityGlobals) = postSolution
		SolutionGuid = {081D6363-FA1C-4EA3-996D-AC4EC4A73FA2}
	EndGlobalSection
EndGlobal
